
Microsoft Visual Studio Solution File, Format Version 12.00
# Visual Studio Version 16
VisualStudioVersion = 16.0.30621.155
MinimumVisualStudioVersion = 10.0.40219.1
Project("{FAE04EC0-301F-11D3-BF4B-00C04F79EFBC}") = "FindWebsiteUrl", "FindWebsiteUrl\FindWebsiteUrl.csproj", "{477D8BF9-4983-4B3A-994E-F7D79C4F88B0}"
EndProject
Global
	GlobalSection(SolutionConfigurationPlatforms) = preSolution
		Debug|Any CPU = Debug|Any CPU
		Release|Any CPU = Release|Any CPU
	EndGlobalSection
	GlobalSection(ProjectConfigurationPlatforms) = postSolution
		{477D8BF9-4983-4B3A-994E-F7D79C4F88B0}.Debug|Any CPU.ActiveCfg = Debug|Any CPU
		{477D8BF9-4983-4B3A-994E-F7D79C4F88B0}.Debug|Any CPU.Build.0 = Debug|Any CPU
		{477D8BF9-4983-4B3A-994E-F7D79C4F88B0}.Release|Any CPU.ActiveCfg = Release|Any CPU
		{477D8BF9-4983-4B3A-994E-F7D79C4F88B0}.Release|Any CPU.Build.0 = Release|Any CPU
	EndGlobalSection
	GlobalSection(SolutionProperties) = preSolution
		HideSolutionNode = FALSE
	EndGlobalSection
	GlobalSection(ExtensibilityGlobals) = postSolution
		SolutionGuid = {D13B19D2-E30C-431F-B365-466C50378215}
	EndGlobalSection
EndGlobal
